// !$*UTF8*$!
{
	archiveVersion = 1;
	classes = {
	};
	objectVersion = 56;
	objects = {

/* Begin PBXBuildFile section */
		7643395629F0903E003FBBF3 /* A.wav in Resources */ = {isa = PBXBuildFile; fileRef = 7643394F29F0903E003FBBF3 /* A.wav */; };
		7643395729F0903E003FBBF3 /* C.wav in Resources */ = {isa = PBXBuildFile; fileRef = 7643395029F0903E003FBBF3 /* C.wav */; };
		7643395829F0903E003FBBF3 /* B.wav in Resources */ = {isa = PBXBuildFile; fileRef = 7643395129F0903E003FBBF3 /* B.wav */; };
		7643395929F0903E003FBBF3 /* F.wav in Resources */ = {isa = PBXBuildFile; fileRef = 7643395229F0903E003FBBF3 /* F.wav */; };
		7643395A29F0903E003FBBF3 /* G.wav in Resources */ = {isa = PBXBuildFile; fileRef = 7643395329F0903E003FBBF3 /* G.wav */; };
		7643395B29F0903E003FBBF3 /* E.wav in Resources */ = {isa = PBXBuildFile; fileRef = 7643395429F0903E003FBBF3 /* E.wav */; };
		7643395C29F0903E003FBBF3 /* D.wav in Resources */ = {isa = PBXBuildFile; fileRef = 7643395529F0903E003FBBF3 /* D.wav */; };
		766F5B7C29E017CB00647175 /* AppDelegate.swift in Sources */ = {isa = PBXBuildFile; fileRef = 766F5B7B29E017CB00647175 /* AppDelegate.swift */; };
		766F5B7E29E017CB00647175 /* SceneDelegate.swift in Sources */ = {isa = PBXBuildFile; fileRef = 766F5B7D29E017CB00647175 /* SceneDelegate.swift */; };
		766F5B8029E017CB00647175 /* ViewController.swift in Sources */ = {isa = PBXBuildFile; fileRef = 766F5B7F29E017CB00647175 /* ViewController.swift */; };
		766F5B8329E017CB00647175 /* Main.storyboard in Resources */ = {isa = PBXBuildFile; fileRef = 766F5B8129E017CB00647175 /* Main.storyboard */; };
		766F5B8529E017CF00647175 /* Assets.xcassets in Resources */ = {isa = PBXBuildFile; fileRef = 766F5B8429E017CF00647175 /* Assets.xcassets */; };
		766F5B8829E017CF00647175 /* LaunchScreen.storyboard in Resources */ = {isa = PBXBuildFile; fileRef = 766F5B8629E017CF00647175 /* LaunchScreen.storyboard */; };
		766F5B9329E017CF00647175 /* Xilophone_SM7Tests.swift in Sources */ = {isa = PBXBuildFile; fileRef = 766F5B9229E017CF00647175 /* Xilophone_SM7Tests.swift */; };
		766F5B9D29E017CF00647175 /* Xilophone_SM7UITests.swift in Sources */ = {isa = PBXBuildFile; fileRef = 766F5B9C29E017CF00647175 /* Xilophone_SM7UITests.swift */; };
		766F5B9F29E017CF00647175 /* Xilophone_SM7UITestsLaunchTests.swift in Sources */ = {isa = PBXBuildFile; fileRef = 766F5B9E29E017CF00647175 /* Xilophone_SM7UITestsLaunchTests.swift */; };
/* End PBXBuildFile section */

/* Begin PBXContainerItemProxy section */
		766F5B8F29E017CF00647175 /* PBXContainerItemProxy */ = {
			isa = PBXContainerItemProxy;
			containerPortal = 766F5B7029E017CB00647175 /* Project object */;
			proxyType = 1;
			remoteGlobalIDString = 766F5B7729E017CB00647175;
			remoteInfo = "Xilophone-SM7";
		};
		766F5B9929E017CF00647175 /* PBXContainerItemProxy */ = {
			isa = PBXContainerItemProxy;
			containerPortal = 766F5B7029E017CB00647175 /* Project object */;
			proxyType = 1;
			remoteGlobalIDString = 766F5B7729E017CB00647175;
			remoteInfo = "Xilophone-SM7";
		};
/* End PBXContainerItemProxy section */

/* Begin PBXFileReference section */
		7643394F29F0903E003FBBF3 /* A.wav */ = {isa = PBXFileReference; lastKnownFileType = audio.wav; path = A.wav; sourceTree = "<group>"; };
		7643395029F0903E003FBBF3 /* C.wav */ = {isa = PBXFileReference; lastKnownFileType = audio.wav; path = C.wav; sourceTree = "<group>"; };
		7643395129F0903E003FBBF3 /* B.wav */ = {isa = PBXFileReference; lastKnownFileType = audio.wav; path = B.wav; sourceTree = "<group>"; };
		7643395229F0903E003FBBF3 /* F.wav */ = {isa = PBXFileReference; lastKnownFileType = audio.wav; path = F.wav; sourceTree = "<group>"; };
		7643395329F0903E003FBBF3 /* G.wav */ = {isa = PBXFileReference; lastKnownFileType = audio.wav; path = G.wav; sourceTree = "<group>"; };
		7643395429F0903E003FBBF3 /* E.wav */ = {isa = PBXFileReference; lastKnownFileType = audio.wav; path = E.wav; sourceTree = "<group>"; };
		7643395529F0903E003FBBF3 /* D.wav */ = {isa = PBXFileReference; lastKnownFileType = audio.wav; path = D.wav; sourceTree = "<group>"; };
		766F5B7829E017CB00647175 /* Xilophone-SM7.app */ = {isa = PBXFileReference; explicitFileType = wrapper.application; includeInIndex = 0; path = "Xilophone-SM7.app"; sourceTree = BUILT_PRODUCTS_DIR; };
		766F5B7B29E017CB00647175 /* AppDelegate.swift */ = {isa = PBXFileReference; lastKnownFileType = sourcecode.swift; path = AppDelegate.swift; sourceTree = "<group>"; };
		766F5B7D29E017CB00647175 /* SceneDelegate.swift */ = {isa = PBXFileReference; lastKnownFileType = sourcecode.swift; path = SceneDelegate.swift; sourceTree = "<group>"; };
		766F5B7F29E017CB00647175 /* ViewController.swift */ = {isa = PBXFileReference; lastKnownFileType = sourcecode.swift; path = ViewController.swift; sourceTree = "<group>"; };
		766F5B8229E017CB00647175 /* Base */ = {isa = PBXFileReference; lastKnownFileType = file.storyboard; name = Base; path = Base.lproj/Main.storyboard; sourceTree = "<group>"; };
		766F5B8429E017CF00647175 /* Assets.xcassets */ = {isa = PBXFileReference; lastKnownFileType = folder.assetcatalog; path = Assets.xcassets; sourceTree = "<group>"; };
		766F5B8729E017CF00647175 /* Base */ = {isa = PBXFileReference; lastKnownFileType = file.storyboard; name = Base; path = Base.lproj/LaunchScreen.storyboard; sourceTree = "<group>"; };
		766F5B8929E017CF00647175 /* Info.plist */ = {isa = PBXFileReference; lastKnownFileType = text.plist.xml; path = Info.plist; sourceTree = "<group>"; };
		766F5B8E29E017CF00647175 /* Xilophone-SM7Tests.xctest */ = {isa = PBXFileReference; explicitFileType = wrapper.cfbundle; includeInIndex = 0; path = "Xilophone-SM7Tests.xctest"; sourceTree = BUILT_PRODUCTS_DIR; };
		766F5B9229E017CF00647175 /* Xilophone_SM7Tests.swift */ = {isa = PBXFileReference; lastKnownFileType = sourcecode.swift; path = Xilophone_SM7Tests.swift; sourceTree = "<group>"; };
		766F5B9829E017CF00647175 /* Xilophone-SM7UITests.xctest */ = {isa = PBXFileReference; explicitFileType = wrapper.cfbundle; includeInIndex = 0; path = "Xilophone-SM7UITests.xctest"; sourceTree = BUILT_PRODUCTS_DIR; };
		766F5B9C29E017CF00647175 /* Xilophone_SM7UITests.swift */ = {isa = PBXFileReference; lastKnownFileType = sourcecode.swift; path = Xilophone_SM7UITests.swift; sourceTree = "<group>"; };
		766F5B9E29E017CF00647175 /* Xilophone_SM7UITestsLaunchTests.swift */ = {isa = PBXFileReference; lastKnownFileType = sourcecode.swift; path = Xilophone_SM7UITestsLaunchTests.swift; sourceTree = "<group>"; };
/* End PBXFileReference section */

/* Begin PBXFrameworksBuildPhase section */
		766F5B7529E017CB00647175 /* Frameworks */ = {
			isa = PBXFrameworksBuildPhase;
			buildActionMask = 2147483647;
			files = (
			);
			runOnlyForDeploymentPostprocessing = 0;
		};
		766F5B8B29E017CF00647175 /* Frameworks */ = {
			isa = PBXFrameworksBuildPhase;
			buildActionMask = 2147483647;
			files = (
			);
			runOnlyForDeploymentPostprocessing = 0;
		};
		766F5B9529E017CF00647175 /* Frameworks */ = {
			isa = PBXFrameworksBuildPhase;
			buildActionMask = 2147483647;
			files = (
			);
			runOnlyForDeploymentPostprocessing = 0;
		};
/* End PBXFrameworksBuildPhase section */

/* Begin PBXGroup section */
		7643394E29F0903E003FBBF3 /* Sounds */ = {
			isa = PBXGroup;
			children = (
				7643394F29F0903E003FBBF3 /* A.wav */,
				7643395029F0903E003FBBF3 /* C.wav */,
				7643395129F0903E003FBBF3 /* B.wav */,
				7643395229F0903E003FBBF3 /* F.wav */,
				7643395329F0903E003FBBF3 /* G.wav */,
				7643395429F0903E003FBBF3 /* E.wav */,
				7643395529F0903E003FBBF3 /* D.wav */,
			);
			path = Sounds;
			sourceTree = "<group>";
		};
		766F5B6F29E017CB00647175 = {
			isa = PBXGroup;
			children = (
				766F5B7A29E017CB00647175 /* Xilophone-SM7 */,
				766F5B9129E017CF00647175 /* Xilophone-SM7Tests */,
				766F5B9B29E017CF00647175 /* Xilophone-SM7UITests */,
				766F5B7929E017CB00647175 /* Products */,
			);
			sourceTree = "<group>";
		};
		766F5B7929E017CB00647175 /* Products */ = {
			isa = PBXGroup;
			children = (
				766F5B7829E017CB00647175 /* Xilophone-SM7.app */,
				766F5B8E29E017CF00647175 /* Xilophone-SM7Tests.xctest */,
				766F5B9829E017CF00647175 /* Xilophone-SM7UITests.xctest */,
			);
			name = Products;
			sourceTree = "<group>";
		};
		766F5B7A29E017CB00647175 /* Xilophone-SM7 */ = {
			isa = PBXGroup;
			children = (
				766F5B7B29E017CB00647175 /* AppDelegate.swift */,
				766F5B7D29E017CB00647175 /* SceneDelegate.swift */,
				766F5B7F29E017CB00647175 /* ViewController.swift */,
				766F5B8129E017CB00647175 /* Main.storyboard */,
				766F5B8429E017CF00647175 /* Assets.xcassets */,
				766F5B8629E017CF00647175 /* LaunchScreen.storyboard */,
				7643394E29F0903E003FBBF3 /* Sounds */,
				766F5B8929E017CF00647175 /* Info.plist */,
			);
			path = "Xilophone-SM7";
			sourceTree = "<group>";
		};
		766F5B9129E017CF00647175 /* Xilophone-SM7Tests */ = {
			isa = PBXGroup;
			children = (
				766F5B9229E017CF00647175 /* Xilophone_SM7Tests.swift */,
			);
			path = "Xilophone-SM7Tests";
			sourceTree = "<group>";
		};
		766F5B9B29E017CF00647175 /* Xilophone-SM7UITests */ = {
			isa = PBXGroup;
			children = (
				766F5B9C29E017CF00647175 /* Xilophone_SM7UITests.swift */,
				766F5B9E29E017CF00647175 /* Xilophone_SM7UITestsLaunchTests.swift */,
			);
			path = "Xilophone-SM7UITests";
			sourceTree = "<group>";
		};
/* End PBXGroup section */

/* Begin PBXNativeTarget section */
		766F5B7729E017CB00647175 /* Xilophone-SM7 */ = {
			isa = PBXNativeTarget;
			buildConfigurationList = 766F5BA229E017CF00647175 /* Build configuration list for PBXNativeTarget "Xilophone-SM7" */;
			buildPhases = (
				766F5B7429E017CB00647175 /* Sources */,
				766F5B7529E017CB00647175 /* Frameworks */,
				766F5B7629E017CB00647175 /* Resources */,
			);
			buildRules = (
			);
			dependencies = (
			);
			name = "Xilophone-SM7";
			productName = "Xilophone-SM7";
			productReference = 766F5B7829E017CB00647175 /* Xilophone-SM7.app */;
			productType = "com.apple.product-type.application";
		};
		766F5B8D29E017CF00647175 /* Xilophone-SM7Tests */ = {
			isa = PBXNativeTarget;
			buildConfigurationList = 766F5BA529E017CF00647175 /* Build configuration list for PBXNativeTarget "Xilophone-SM7Tests" */;
			buildPhases = (
				766F5B8A29E017CF00647175 /* Sources */,
				766F5B8B29E017CF00647175 /* Frameworks */,
				766F5B8C29E017CF00647175 /* Resources */,
			);
			buildRules = (
			);
			dependencies = (
				766F5B9029E017CF00647175 /* PBXTargetDependency */,
			);
			name = "Xilophone-SM7Tests";
			productName = "Xilophone-SM7Tests";
			productReference = 766F5B8E29E017CF00647175 /* Xilophone-SM7Tests.xctest */;
			productType = "com.apple.product-type.bundle.unit-test";
		};
		766F5B9729E017CF00647175 /* Xilophone-SM7UITests */ = {
			isa = PBXNativeTarget;
			buildConfigurationList = 766F5BA829E017CF00647175 /* Build configuration list for PBXNativeTarget "Xilophone-SM7UITests" */;
			buildPhases = (
				766F5B9429E017CF00647175 /* Sources */,
				766F5B9529E017CF00647175 /* Frameworks */,
				766F5B9629E017CF00647175 /* Resources */,
			);
			buildRules = (
			);
			dependencies = (
				766F5B9A29E017CF00647175 /* PBXTargetDependency */,
			);
			name = "Xilophone-SM7UITests";
			productName = "Xilophone-SM7UITests";
			productReference = 766F5B9829E017CF00647175 /* Xilophone-SM7UITests.xctest */;
			productType = "com.apple.product-type.bundle.ui-testing";
		};
/* End PBXNativeTarget section */

/* Begin PBXProject section */
		766F5B7029E017CB00647175 /* Project object */ = {
			isa = PBXProject;
			attributes = {
				BuildIndependentTargetsInParallel = 1;
				LastSwiftUpdateCheck = 1420;
				LastUpgradeCheck = 1420;
				TargetAttributes = {
					766F5B7729E017CB00647175 = {
						CreatedOnToolsVersion = 14.2;
					};
					766F5B8D29E017CF00647175 = {
						CreatedOnToolsVersion = 14.2;
						TestTargetID = 766F5B7729E017CB00647175;
					};
					766F5B9729E017CF00647175 = {
						CreatedOnToolsVersion = 14.2;
						TestTargetID = 766F5B7729E017CB00647175;
					};
				};
			};
			buildConfigurationList = 766F5B7329E017CB00647175 /* Build configuration list for PBXProject "Xilophone-SM7" */;
			compatibilityVersion = "Xcode 14.0";
			developmentRegion = en;
			hasScannedForEncodings = 0;
			knownRegions = (
				en,
				Base,
			);
			mainGroup = 766F5B6F29E017CB00647175;
			productRefGroup = 766F5B7929E017CB00647175 /* Products */;
			projectDirPath = "";
			projectRoot = "";
			targets = (
				766F5B7729E017CB00647175 /* Xilophone-SM7 */,
				766F5B8D29E017CF00647175 /* Xilophone-SM7Tests */,
				766F5B9729E017CF00647175 /* Xilophone-SM7UITests */,
			);
		};
/* End PBXProject section */

/* Begin PBXResourcesBuildPhase section */
		766F5B7629E017CB00647175 /* Resources */ = {
			isa = PBXResourcesBuildPhase;
			buildActionMask = 2147483647;
			files = (
				7643395A29F0903E003FBBF3 /* G.wav in Resources */,
				766F5B8829E017CF00647175 /* LaunchScreen.storyboard in Resources */,
				7643395929F0903E003FBBF3 /* F.wav in Resources */,
				766F5B8529E017CF00647175 /* Assets.xcassets in Resources */,
				7643395629F0903E003FBBF3 /* A.wav in Resources */,
				7643395829F0903E003FBBF3 /* B.wav in Resources */,
				7643395B29F0903E003FBBF3 /* E.wav in Resources */,
				7643395C29F0903E003FBBF3 /* D.wav in Resources */,
				766F5B8329E017CB00647175 /* Main.storyboard in Resources */,
				7643395729F0903E003FBBF3 /* C.wav in Resources */,
			);
			runOnlyForDeploymentPostprocessing = 0;
		};
		766F5B8C29E017CF00647175 /* Resources */ = {
			isa = PBXResourcesBuildPhase;
			buildActionMask = 2147483647;
			files = (
			);
			runOnlyForDeploymentPostprocessing = 0;
		};
		766F5B9629E017CF00647175 /* Resources */ = {
			isa = PBXResourcesBuildPhase;
			buildActionMask = 2147483647;
			files = (
			);
			runOnlyForDeploymentPostprocessing = 0;
		};
/* End PBXResourcesBuildPhase section */

/* Begin PBXSourcesBuildPhase section */
		766F5B7429E017CB00647175 /* Sources */ = {
			isa = PBXSourcesBuildPhase;
			buildActionMask = 2147483647;
			files = (
				766F5B8029E017CB00647175 /* ViewController.swift in Sources */,
				766F5B7C29E017CB00647175 /* AppDelegate.swift in Sources */,
				766F5B7E29E017CB00647175 /* SceneDelegate.swift in Sources */,
			);
			runOnlyForDeploymentPostprocessing = 0;
		};
		766F5B8A29E017CF00647175 /* Sources */ = {
			isa = PBXSourcesBuildPhase;
			buildActionMask = 2147483647;
			files = (
				766F5B9329E017CF00647175 /* Xilophone_SM7Tests.swift in Sources */,
			);
			runOnlyForDeploymentPostprocessing = 0;
		};
		766F5B9429E017CF00647175 /* Sources */ = {
			isa = PBXSourcesBuildPhase;
			buildActionMask = 2147483647;
			files = (
				766F5B9D29E017CF00647175 /* Xilophone_SM7UITests.swift in Sources */,
				766F5B9F29E017CF00647175 /* Xilophone_SM7UITestsLaunchTests.swift in Sources */,
			);
			runOnlyForDeploymentPostprocessing = 0;
		};
/* End PBXSourcesBuildPhase section */

/* Begin PBXTargetDependency section */
		766F5B9029E017CF00647175 /* PBXTargetDependency */ = {
			isa = PBXTargetDependency;
			target = 766F5B7729E017CB00647175 /* Xilophone-SM7 */;
			targetProxy = 766F5B8F29E017CF00647175 /* PBXContainerItemProxy */;
		};
		766F5B9A29E017CF00647175 /* PBXTargetDependency */ = {
			isa = PBXTargetDependency;
			target = 766F5B7729E017CB00647175 /* Xilophone-SM7 */;
			targetProxy = 766F5B9929E017CF00647175 /* PBXContainerItemProxy */;
		};
/* End PBXTargetDependency section */

/* Begin PBXVariantGroup section */
		766F5B8129E017CB00647175 /* Main.storyboard */ = {
			isa = PBXVariantGroup;
			children = (
				766F5B8229E017CB00647175 /* Base */,
			);
			name = Main.storyboard;
			sourceTree = "<group>";
		};
		766F5B8629E017CF00647175 /* LaunchScreen.storyboard */ = {
			isa = PBXVariantGroup;
			children = (
				766F5B8729E017CF00647175 /* Base */,
			);
			name = LaunchScreen.storyboard;
			sourceTree = "<group>";
		};
/* End PBXVariantGroup section */

/* Begin XCBuildConfiguration section */
		766F5BA029E017CF00647175 /* Debug */ = {
			isa = XCBuildConfiguration;
			buildSettings = {
				ALWAYS_SEARCH_USER_PATHS = NO;
				CLANG_ANALYZER_NONNULL = YES;
				CLANG_ANALYZER_NUMBER_OBJECT_CONVERSION = YES_AGGRESSIVE;
				CLANG_CXX_LANGUAGE_STANDARD = "gnu++20";
				CLANG_ENABLE_MODULES = YES;
				CLANG_ENABLE_OBJC_ARC = YES;
				CLANG_ENABLE_OBJC_WEAK = YES;
				CLANG_WARN_BLOCK_CAPTURE_AUTORELEASING = YES;
				CLANG_WARN_BOOL_CONVERSION = YES;
				CLANG_WARN_COMMA = YES;
				CLANG_WARN_CONSTANT_CONVERSION = YES;
				CLANG_WARN_DEPRECATED_OBJC_IMPLEMENTATIONS = YES;
				CLANG_WARN_DIRECT_OBJC_ISA_USAGE = YES_ERROR;
				CLANG_WARN_DOCUMENTATION_COMMENTS = YES;
				CLANG_WARN_EMPTY_BODY = YES;
				CLANG_WARN_ENUM_CONVERSION = YES;
				CLANG_WARN_INFINITE_RECURSION = YES;
				CLANG_WARN_INT_CONVERSION = YES;
				CLANG_WARN_NON_LITERAL_NULL_CONVERSION = YES;
				CLANG_WARN_OBJC_IMPLICIT_RETAIN_SELF = YES;
				CLANG_WARN_OBJC_LITERAL_CONVERSION = YES;
				CLANG_WARN_OBJC_ROOT_CLASS = YES_ERROR;
				CLANG_WARN_QUOTED_INCLUDE_IN_FRAMEWORK_HEADER = YES;
				CLANG_WARN_RANGE_LOOP_ANALYSIS = YES;
				CLANG_WARN_STRICT_PROTOTYPES = YES;
				CLANG_WARN_SUSPICIOUS_MOVE = YES;
				CLANG_WARN_UNGUARDED_AVAILABILITY = YES_AGGRESSIVE;
				CLANG_WARN_UNREACHABLE_CODE = YES;
				CLANG_WARN__DUPLICATE_METHOD_MATCH = YES;
				COPY_PHASE_STRIP = NO;
				DEBUG_INFORMATION_FORMAT = dwarf;
				ENABLE_STRICT_OBJC_MSGSEND = YES;
				ENABLE_TESTABILITY = YES;
				GCC_C_LANGUAGE_STANDARD = gnu11;
				GCC_DYNAMIC_NO_PIC = NO;
				GCC_NO_COMMON_BLOCKS = YES;
				GCC_OPTIMIZATION_LEVEL = 0;
				GCC_PREPROCESSOR_DEFINITIONS = (
					"DEBUG=1",
					"$(inherited)",
				);
				GCC_WARN_64_TO_32_BIT_CONVERSION = YES;
				GCC_WARN_ABOUT_RETURN_TYPE = YES_ERROR;
				GCC_WARN_UNDECLARED_SELECTOR = YES;
				GCC_WARN_UNINITIALIZED_AUTOS = YES_AGGRESSIVE;
				GCC_WARN_UNUSED_FUNCTION = YES;
				GCC_WARN_UNUSED_VARIABLE = YES;
				IPHONEOS_DEPLOYMENT_TARGET = 16.2;
				MTL_ENABLE_DEBUG_INFO = INCLUDE_SOURCE;
				MTL_FAST_MATH = YES;
				ONLY_ACTIVE_ARCH = YES;
				SDKROOT = iphoneos;
				SWIFT_ACTIVE_COMPILATION_CONDITIONS = DEBUG;
				SWIFT_OPTIMIZATION_LEVEL = "-Onone";
			};
			name = Debug;
		};
		766F5BA129E017CF00647175 /* Release */ = {
			isa = XCBuildConfiguration;
			buildSettings = {
				ALWAYS_SEARCH_USER_PATHS = NO;
				CLANG_ANALYZER_NONNULL = YES;
				CLANG_ANALYZER_NUMBER_OBJECT_CONVERSION = YES_AGGRESSIVE;
				CLANG_CXX_LANGUAGE_STANDARD = "gnu++20";
				CLANG_ENABLE_MODULES = YES;
				CLANG_ENABLE_OBJC_ARC = YES;
				CLANG_ENABLE_OBJC_WEAK = YES;
				CLANG_WARN_BLOCK_CAPTURE_AUTORELEASING = YES;
				CLANG_WARN_BOOL_CONVERSION = YES;
				CLANG_WARN_COMMA = YES;
				CLANG_WARN_CONSTANT_CONVERSION = YES;
				CLANG_WARN_DEPRECATED_OBJC_IMPLEMENTATIONS = YES;
				CLANG_WARN_DIRECT_OBJC_ISA_USAGE = YES_ERROR;
				CLANG_WARN_DOCUMENTATION_COMMENTS = YES;
				CLANG_WARN_EMPTY_BODY = YES;
				CLANG_WARN_ENUM_CONVERSION = YES;
				CLANG_WARN_INFINITE_RECURSION = YES;
				CLANG_WARN_INT_CONVERSION = YES;
				CLANG_WARN_NON_LITERAL_NULL_CONVERSION = YES;
				CLANG_WARN_OBJC_IMPLICIT_RETAIN_SELF = YES;
				CLANG_WARN_OBJC_LITERAL_CONVERSION = YES;
				CLANG_WARN_OBJC_ROOT_CLASS = YES_ERROR;
				CLANG_WARN_QUOTED_INCLUDE_IN_FRAMEWORK_HEADER = YES;
				CLANG_WARN_RANGE_LOOP_ANALYSIS = YES;
				CLANG_WARN_STRICT_PROTOTYPES = YES;
				CLANG_WARN_SUSPICIOUS_MOVE = YES;
				CLANG_WARN_UNGUARDED_AVAILABILITY = YES_AGGRESSIVE;
				CLANG_WARN_UNREACHABLE_CODE = YES;
				CLANG_WARN__DUPLICATE_METHOD_MATCH = YES;
				COPY_PHASE_STRIP = NO;
				DEBUG_INFORMATION_FORMAT = "dwarf-with-dsym";
				ENABLE_NS_ASSERTIONS = NO;
				ENABLE_STRICT_OBJC_MSGSEND = YES;
				GCC_C_LANGUAGE_STANDARD = gnu11;
				GCC_NO_COMMON_BLOCKS = YES;
				GCC_WARN_64_TO_32_BIT_CONVERSION = YES;
				GCC_WARN_ABOUT_RETURN_TYPE = YES_ERROR;
				GCC_WARN_UNDECLARED_SELECTOR = YES;
				GCC_WARN_UNINITIALIZED_AUTOS = YES_AGGRESSIVE;
				GCC_WARN_UNUSED_FUNCTION = YES;
				GCC_WARN_UNUSED_VARIABLE = YES;
				IPHONEOS_DEPLOYMENT_TARGET = 16.2;
				MTL_ENABLE_DEBUG_INFO = NO;
				MTL_FAST_MATH = YES;
				SDKROOT = iphoneos;
				SWIFT_COMPILATION_MODE = wholemodule;
				SWIFT_OPTIMIZATION_LEVEL = "-O";
				VALIDATE_PRODUCT = YES;
			};
			name = Release;
		};
		766F5BA329E017CF00647175 /* Debug */ = {
			isa = XCBuildConfiguration;
			buildSettings = {
				ASSETCATALOG_COMPILER_APPICON_NAME = AppIcon;
				ASSETCATALOG_COMPILER_GLOBAL_ACCENT_COLOR_NAME = AccentColor;
				CODE_SIGN_STYLE = Automatic;
				CURRENT_PROJECT_VERSION = 1;
				DEVELOPMENT_TEAM = 9JFFP5P2NK;
				GENERATE_INFOPLIST_FILE = YES;
				INFOPLIST_FILE = "Xilophone-SM7/Info.plist";
				INFOPLIST_KEY_UIApplicationSupportsIndirectInputEvents = YES;
				INFOPLIST_KEY_UILaunchStoryboardName = LaunchScreen;
				INFOPLIST_KEY_UIMainStoryboardFile = Main;
				INFOPLIST_KEY_UISupportedInterfaceOrientations_iPad = "UIInterfaceOrientationPortrait UIInterfaceOrientationPortraitUpsideDown UIInterfaceOrientationLandscapeLeft UIInterfaceOrientationLandscapeRight";
				INFOPLIST_KEY_UISupportedInterfaceOrientations_iPhone = "UIInterfaceOrientationPortrait UIInterfaceOrientationLandscapeLeft UIInterfaceOrientationLandscapeRight";
				IPHONEOS_DEPLOYMENT_TARGET = 13.0;
				LD_RUNPATH_SEARCH_PATHS = (
					"$(inherited)",
					"@executable_path/Frameworks",
				);
				MARKETING_VERSION = 1.0;
				PRODUCT_BUNDLE_IDENTIFIER = "com.mayrbek.Xilophone-SM7";
				PRODUCT_NAME = "$(TARGET_NAME)";
				SUPPORTED_PLATFORMS = "iphoneos iphonesimulator";
				SUPPORTS_MACCATALYST = NO;
				SUPPORTS_MAC_DESIGNED_FOR_IPHONE_IPAD = NO;
				SWIFT_EMIT_LOC_STRINGS = YES;
				SWIFT_VERSION = 5.0;
				TARGETED_DEVICE_FAMILY = 1;
			};
			name = Debug;
		};
		766F5BA429E017CF00647175 /* Release */ = {
			isa = XCBuildConfiguration;
			buildSettings = {
				ASSETCATALOG_COMPILER_APPICON_NAME = AppIcon;
				ASSETCATALOG_COMPILER_GLOBAL_ACCENT_COLOR_NAME = AccentColor;
				CODE_SIGN_STYLE = Automatic;
				CURRENT_PROJECT_VERSION = 1;
				DEVELOPMENT_TEAM = 9JFFP5P2NK;
				GENERATE_INFOPLIST_FILE = YES;
				INFOPLIST_FILE = "Xilophone-SM7/Info.plist";
				INFOPLIST_KEY_UIApplicationSupportsIndirectInputEvents = YES;
				INFOPLIST_KEY_UILaunchStoryboardName = LaunchScreen;
				INFOPLIST_KEY_UIMainStoryboardFile = Main;
				INFOPLIST_KEY_UISupportedInterfaceOrientations_iPad = "UIInterfaceOrientationPortrait UIInterfaceOrientationPortraitUpsideDown UIInterfaceOrientationLandscapeLeft UIInterfaceOrientationLandscapeRight";
				INFOPLIST_KEY_UISupportedInterfaceOrientations_iPhone = "UIInterfaceOrientationPortrait UIInterfaceOrientationLandscapeLeft UIInterfaceOrientationLandscapeRight";
				IPHONEOS_DEPLOYMENT_TARGET = 13.0;
				LD_RUNPATH_SEARCH_PATHS = (
					"$(inherited)",
					"@executable_path/Frameworks",
				);
				MARKETING_VERSION = 1.0;
				PRODUCT_BUNDLE_IDENTIFIER = "com.mayrbek.Xilophone-SM7";
				PRODUCT_NAME = "$(TARGET_NAME)";
				SUPPORTED_PLATFORMS = "iphoneos iphonesimulator";
				SUPPORTS_MACCATALYST = NO;
				SUPPORTS_MAC_DESIGNED_FOR_IPHONE_IPAD = NO;
				SWIFT_EMIT_LOC_STRINGS = YES;
				SWIFT_VERSION = 5.0;
				TARGETED_DEVICE_FAMILY = 1;
			};
			name = Release;
		};
		766F5BA629E017CF00647175 /* Debug */ = {
			isa = XCBuildConfiguration;
			buildSettings = {
				ALWAYS_EMBED_SWIFT_STANDARD_LIBRARIES = YES;
				BUNDLE_LOADER = "$(TEST_HOST)";
				CODE_SIGN_STYLE = Automatic;
				CURRENT_PROJECT_VERSION = 1;
				DEVELOPMENT_TEAM = 9JFFP5P2NK;
				GENERATE_INFOPLIST_FILE = YES;
				IPHONEOS_DEPLOYMENT_TARGET = 16.2;
				MARKETING_VERSION = 1.0;
				PRODUCT_BUNDLE_IDENTIFIER = "com.mayrbek.Xilophone-SM7Tests";
				PRODUCT_NAME = "$(TARGET_NAME)";
				SWIFT_EMIT_LOC_STRINGS = NO;
				SWIFT_VERSION = 5.0;
				TARGETED_DEVICE_FAMILY = "1,2";
				TEST_HOST = "$(BUILT_PRODUCTS_DIR)/Xilophone-SM7.app/$(BUNDLE_EXECUTABLE_FOLDER_PATH)/Xilophone-SM7";
			};
			name = Debug;
		};
		766F5BA729E017CF00647175 /* Release */ = {
			isa = XCBuildConfiguration;
			buildSettings = {
				ALWAYS_EMBED_SWIFT_STANDARD_LIBRARIES = YES;
				BUNDLE_LOADER = "$(TEST_HOST)";
				CODE_SIGN_STYLE = Automatic;
				CURRENT_PROJECT_VERSION = 1;
				DEVELOPMENT_TEAM = 9JFFP5P2NK;
				GENERATE_INFOPLIST_FILE = YES;
				IPHONEOS_DEPLOYMENT_TARGET = 16.2;
				MARKETING_VERSION = 1.0;
				PRODUCT_BUNDLE_IDENTIFIER = "com.mayrbek.Xilophone-SM7Tests";
				PRODUCT_NAME = "$(TARGET_NAME)";
				SWIFT_EMIT_LOC_STRINGS = NO;
				SWIFT_VERSION = 5.0;
				TARGETED_DEVICE_FAMILY = "1,2";
				TEST_HOST = "$(BUILT_PRODUCTS_DIR)/Xilophone-SM7.app/$(BUNDLE_EXECUTABLE_FOLDER_PATH)/Xilophone-SM7";
			};
			name = Release;
		};
		766F5BA929E017CF00647175 /* Debug */ = {
			isa = XCBuildConfiguration;
			buildSettings = {
				ALWAYS_EMBED_SWIFT_STANDARD_LIBRARIES = YES;
				CODE_SIGN_STYLE = Automatic;
				CURRENT_PROJECT_VERSION = 1;
				DEVELOPMENT_TEAM = 9JFFP5P2NK;
				GENERATE_INFOPLIST_FILE = YES;
				MARKETING_VERSION = 1.0;
				PRODUCT_BUNDLE_IDENTIFIER = "com.mayrbek.Xilophone-SM7UITests";
				PRODUCT_NAME = "$(TARGET_NAME)";
				SWIFT_EMIT_LOC_STRINGS = NO;
				SWIFT_VERSION = 5.0;
				TARGETED_DEVICE_FAMILY = "1,2";
				TEST_TARGET_NAME = "Xilophone-SM7";
			};
			name = Debug;
		};
		766F5BAA29E017CF00647175 /* Release */ = {
			isa = XCBuildConfiguration;
			buildSettings = {
				ALWAYS_EMBED_SWIFT_STANDARD_LIBRARIES = YES;
				CODE_SIGN_STYLE = Automatic;
				CURRENT_PROJECT_VERSION = 1;
				DEVELOPMENT_TEAM = 9JFFP5P2NK;
				GENERATE_INFOPLIST_FILE = YES;
				MARKETING_VERSION = 1.0;
				PRODUCT_BUNDLE_IDENTIFIER = "com.mayrbek.Xilophone-SM7UITests";
				PRODUCT_NAME = "$(TARGET_NAME)";
				SWIFT_EMIT_LOC_STRINGS = NO;
				SWIFT_VERSION = 5.0;
				TARGETED_DEVICE_FAMILY = "1,2";
				TEST_TARGET_NAME = "Xilophone-SM7";
			};
			name = Release;
		};
/* End XCBuildConfiguration section */

/* Begin XCConfigurationList section */
		766F5B7329E017CB00647175 /* Build configuration list for PBXProject "Xilophone-SM7" */ = {
			isa = XCConfigurationList;
			buildConfigurations = (
				766F5BA029E017CF00647175 /* Debug */,
				766F5BA129E017CF00647175 /* Release */,
			);
			defaultConfigurationIsVisible = 0;
			defaultConfigurationName = Release;
		};
		766F5BA229E017CF00647175 /* Build configuration list for PBXNativeTarget "Xilophone-SM7" */ = {
			isa = XCConfigurationList;
			buildConfigurations = (
				766F5BA329E017CF00647175 /* Debug */,
				766F5BA429E017CF00647175 /* Release */,
			);
			defaultConfigurationIsVisible = 0;
			defaultConfigurationName = Release;
		};
		766F5BA529E017CF00647175 /* Build configuration list for PBXNativeTarget "Xilophone-SM7Tests" */ = {
			isa = XCConfigurationList;
			buildConfigurations = (
				766F5BA629E017CF00647175 /* Debug */,
				766F5BA729E017CF00647175 /* Release */,
			);
			defaultConfigurationIsVisible = 0;
			defaultConfigurationName = Release;
		};
		766F5BA829E017CF00647175 /* Build configuration list for PBXNativeTarget "Xilophone-SM7UITests" */ = {
			isa = XCConfigurationList;
			buildConfigurations = (
				766F5BA929E017CF00647175 /* Debug */,
				766F5BAA29E017CF00647175 /* Release */,
			);
			defaultConfigurationIsVisible = 0;
			defaultConfigurationName = Release;
		};
/* End XCConfigurationList section */
	};
	rootObject = 766F5B7029E017CB00647175 /* Project object */;
}
